// !$*UTF8*$!
{
	archiveVersion = 1;
	classes = {
	};
	objectVersion = 50;
	objects = {

/* Begin PBXBuildFile section */
		9C9F184E258291160059006C /* AppDelegate.swift in Sources */ = {isa = PBXBuildFile; fileRef = 9C9F184D258291160059006C /* AppDelegate.swift */; };
		9C9F1850258291160059006C /* SceneDelegate.swift in Sources */ = {isa = PBXBuildFile; fileRef = 9C9F184F258291160059006C /* SceneDelegate.swift */; };
		9C9F1852258291160059006C /* ViewController.swift in Sources */ = {isa = PBXBuildFile; fileRef = 9C9F1851258291160059006C /* ViewController.swift */; };
		9C9F1855258291160059006C /* Main.storyboard in Resources */ = {isa = PBXBuildFile; fileRef = 9C9F1853258291160059006C /* Main.storyboard */; };
		9C9F18572582911A0059006C /* Assets.xcassets in Resources */ = {isa = PBXBuildFile; fileRef = 9C9F18562582911A0059006C /* Assets.xcassets */; };
		9C9F185A2582911A0059006C /* LaunchScreen.storyboard in Resources */ = {isa = PBXBuildFile; fileRef = 9C9F18582582911A0059006C /* LaunchScreen.storyboard */; };
		9C9F18652582911B0059006C /* optionalBoardTests.swift in Sources */ = {isa = PBXBuildFile; fileRef = 9C9F18642582911B0059006C /* optionalBoardTests.swift */; };
		9C9F18702582911B0059006C /* optionalBoardUITests.swift in Sources */ = {isa = PBXBuildFile; fileRef = 9C9F186F2582911B0059006C /* optionalBoardUITests.swift */; };
/* End PBXBuildFile section */

/* Begin PBXContainerItemProxy section */
		9C9F18612582911B0059006C /* PBXContainerItemProxy */ = {
			isa = PBXContainerItemProxy;
			containerPortal = 9C9F1842258291160059006C /* Project object */;
			proxyType = 1;
			remoteGlobalIDString = 9C9F1849258291160059006C;
			remoteInfo = optionalBoard;
		};
		9C9F186C2582911B0059006C /* PBXContainerItemProxy */ = {
			isa = PBXContainerItemProxy;
			containerPortal = 9C9F1842258291160059006C /* Project object */;
			proxyType = 1;
			remoteGlobalIDString = 9C9F1849258291160059006C;
			remoteInfo = optionalBoard;
		};
/* End PBXContainerItemProxy section */

/* Begin PBXFileReference section */
		9C9F184A258291160059006C /* optionalBoard.app */ = {isa = PBXFileReference; explicitFileType = wrapper.application; includeInIndex = 0; path = optionalBoard.app; sourceTree = BUILT_PRODUCTS_DIR; };
		9C9F184D258291160059006C /* AppDelegate.swift */ = {isa = PBXFileReference; lastKnownFileType = sourcecode.swift; path = AppDelegate.swift; sourceTree = "<group>"; };
		9C9F184F258291160059006C /* SceneDelegate.swift */ = {isa = PBXFileReference; lastKnownFileType = sourcecode.swift; path = SceneDelegate.swift; sourceTree = "<group>"; };
		9C9F1851258291160059006C /* ViewController.swift */ = {isa = PBXFileReference; lastKnownFileType = sourcecode.swift; path = ViewController.swift; sourceTree = "<group>"; };
		9C9F1854258291160059006C /* Base */ = {isa = PBXFileReference; lastKnownFileType = file.storyboard; name = Base; path = Base.lproj/Main.storyboard; sourceTree = "<group>"; };
		9C9F18562582911A0059006C /* Assets.xcassets */ = {isa = PBXFileReference; lastKnownFileType = folder.assetcatalog; path = Assets.xcassets; sourceTree = "<group>"; };
		9C9F18592582911A0059006C /* Base */ = {isa = PBXFileReference; lastKnownFileType = file.storyboard; name = Base; path = Base.lproj/LaunchScreen.storyboard; sourceTree = "<group>"; };
		9C9F185B2582911A0059006C /* Info.plist */ = {isa = PBXFileReference; lastKnownFileType = text.plist.xml; path = Info.plist; sourceTree = "<group>"; };
		9C9F18602582911B0059006C /* optionalBoardTests.xctest */ = {isa = PBXFileReference; explicitFileType = wrapper.cfbundle; includeInIndex = 0; path = optionalBoardTests.xctest; sourceTree = BUILT_PRODUCTS_DIR; };
		9C9F18642582911B0059006C /* optionalBoardTests.swift */ = {isa = PBXFileReference; lastKnownFileType = sourcecode.swift; path = optionalBoardTests.swift; sourceTree = "<group>"; };
		9C9F18662582911B0059006C /* Info.plist */ = {isa = PBXFileReference; lastKnownFileType = text.plist.xml; path = Info.plist; sourceTree = "<group>"; };
		9C9F186B2582911B0059006C /* optionalBoardUITests.xctest */ = {isa = PBXFileReference; explicitFileType = wrapper.cfbundle; includeInIndex = 0; path = optionalBoardUITests.xctest; sourceTree = BUILT_PRODUCTS_DIR; };
		9C9F186F2582911B0059006C /* optionalBoardUITests.swift */ = {isa = PBXFileReference; lastKnownFileType = sourcecode.swift; path = optionalBoardUITests.swift; sourceTree = "<group>"; };
		9C9F18712582911B0059006C /* Info.plist */ = {isa = PBXFileReference; lastKnownFileType = text.plist.xml; path = Info.plist; sourceTree = "<group>"; };
/* End PBXFileReference section */

/* Begin PBXFrameworksBuildPhase section */
		9C9F1847258291160059006C /* Frameworks */ = {
			isa = PBXFrameworksBuildPhase;
			buildActionMask = 2147483647;
			files = (
			);
			runOnlyForDeploymentPostprocessing = 0;
		};
		9C9F185D2582911B0059006C /* Frameworks */ = {
			isa = PBXFrameworksBuildPhase;
			buildActionMask = 2147483647;
			files = (
			);
			runOnlyForDeploymentPostprocessing = 0;
		};
		9C9F18682582911B0059006C /* Frameworks */ = {
			isa = PBXFrameworksBuildPhase;
			buildActionMask = 2147483647;
			files = (
			);
			runOnlyForDeploymentPostprocessing = 0;
		};
/* End PBXFrameworksBuildPhase section */

/* Begin PBXGroup section */
		9C9F1841258291160059006C = {
			isa = PBXGroup;
			children = (
				9C9F184C258291160059006C /* optionalBoard */,
				9C9F18632582911B0059006C /* optionalBoardTests */,
				9C9F186E2582911B0059006C /* optionalBoardUITests */,
				9C9F184B258291160059006C /* Products */,
			);
			sourceTree = "<group>";
		};
		9C9F184B258291160059006C /* Products */ = {
			isa = PBXGroup;
			children = (
				9C9F184A258291160059006C /* optionalBoard.app */,
				9C9F18602582911B0059006C /* optionalBoardTests.xctest */,
				9C9F186B2582911B0059006C /* optionalBoardUITests.xctest */,
			);
			name = Products;
			sourceTree = "<group>";
		};
		9C9F184C258291160059006C /* optionalBoard */ = {
			isa = PBXGroup;
			children = (
				9C9F184D258291160059006C /* AppDelegate.swift */,
				9C9F184F258291160059006C /* SceneDelegate.swift */,
				9C9F1851258291160059006C /* ViewController.swift */,
				9C9F1853258291160059006C /* Main.storyboard */,
				9C9F18562582911A0059006C /* Assets.xcassets */,
				9C9F18582582911A0059006C /* LaunchScreen.storyboard */,
				9C9F185B2582911A0059006C /* Info.plist */,
			);
			path = optionalBoard;
			sourceTree = "<group>";
		};
		9C9F18632582911B0059006C /* optionalBoardTests */ = {
			isa = PBXGroup;
			children = (
				9C9F18642582911B0059006C /* optionalBoardTests.swift */,
				9C9F18662582911B0059006C /* Info.plist */,
			);
			path = optionalBoardTests;
			sourceTree = "<group>";
		};
		9C9F186E2582911B0059006C /* optionalBoardUITests */ = {
			isa = PBXGroup;
			children = (
				9C9F186F2582911B0059006C /* optionalBoardUITests.swift */,
				9C9F18712582911B0059006C /* Info.plist */,
			);
			path = optionalBoardUITests;
			sourceTree = "<group>";
		};
/* End PBXGroup section */

/* Begin PBXNativeTarget section */
		9C9F1849258291160059006C /* optionalBoard */ = {
			isa = PBXNativeTarget;
			buildConfigurationList = 9C9F18742582911B0059006C /* Build configuration list for PBXNativeTarget "optionalBoard" */;
			buildPhases = (
				9C9F1846258291160059006C /* Sources */,
				9C9F1847258291160059006C /* Frameworks */,
				9C9F1848258291160059006C /* Resources */,
			);
			buildRules = (
			);
			dependencies = (
			);
			name = optionalBoard;
			productName = optionalBoard;
			productReference = 9C9F184A258291160059006C /* optionalBoard.app */;
			productType = "com.apple.product-type.application";
		};
		9C9F185F2582911B0059006C /* optionalBoardTests */ = {
			isa = PBXNativeTarget;
			buildConfigurationList = 9C9F18772582911B0059006C /* Build configuration list for PBXNativeTarget "optionalBoardTests" */;
			buildPhases = (
				9C9F185C2582911B0059006C /* Sources */,
				9C9F185D2582911B0059006C /* Frameworks */,
				9C9F185E2582911B0059006C /* Resources */,
			);
			buildRules = (
			);
			dependencies = (
				9C9F18622582911B0059006C /* PBXTargetDependency */,
			);
			name = optionalBoardTests;
			productName = optionalBoardTests;
			productReference = 9C9F18602582911B0059006C /* optionalBoardTests.xctest */;
			productType = "com.apple.product-type.bundle.unit-test";
		};
		9C9F186A2582911B0059006C /* optionalBoardUITests */ = {
			isa = PBXNativeTarget;
			buildConfigurationList = 9C9F187A2582911B0059006C /* Build configuration list for PBXNativeTarget "optionalBoardUITests" */;
			buildPhases = (
				9C9F18672582911B0059006C /* Sources */,
				9C9F18682582911B0059006C /* Frameworks */,
				9C9F18692582911B0059006C /* Resources */,
			);
			buildRules = (
			);
			dependencies = (
				9C9F186D2582911B0059006C /* PBXTargetDependency */,
			);
			name = optionalBoardUITests;
			productName = optionalBoardUITests;
			productReference = 9C9F186B2582911B0059006C /* optionalBoardUITests.xctest */;
			productType = "com.apple.product-type.bundle.ui-testing";
		};
/* End PBXNativeTarget section */

/* Begin PBXProject section */
		9C9F1842258291160059006C /* Project object */ = {
			isa = PBXProject;
			attributes = {
				LastSwiftUpdateCheck = 1220;
				LastUpgradeCheck = 1220;
				TargetAttributes = {
					9C9F1849258291160059006C = {
						CreatedOnToolsVersion = 12.2;
					};
					9C9F185F2582911B0059006C = {
						CreatedOnToolsVersion = 12.2;
						TestTargetID = 9C9F1849258291160059006C;
					};
					9C9F186A2582911B0059006C = {
						CreatedOnToolsVersion = 12.2;
						TestTargetID = 9C9F1849258291160059006C;
					};
				};
			};
			buildConfigurationList = 9C9F1845258291160059006C /* Build configuration list for PBXProject "optionalBoard" */;
			compatibilityVersion = "Xcode 9.3";
			developmentRegion = en;
			hasScannedForEncodings = 0;
			knownRegions = (
				en,
				Base,
			);
			mainGroup = 9C9F1841258291160059006C;
			productRefGroup = 9C9F184B258291160059006C /* Products */;
			projectDirPath = "";
			projectRoot = "";
			targets = (
				9C9F1849258291160059006C /* optionalBoard */,
				9C9F185F2582911B0059006C /* optionalBoardTests */,
				9C9F186A2582911B0059006C /* optionalBoardUITests */,
			);
		};
/* End PBXProject section */

/* Begin PBXResourcesBuildPhase section */
		9C9F1848258291160059006C /* Resources */ = {
			isa = PBXResourcesBuildPhase;
			buildActionMask = 2147483647;
			files = (
				9C9F185A2582911A0059006C /* LaunchScreen.storyboard in Resources */,
				9C9F18572582911A0059006C /* Assets.xcassets in Resources */,
				9C9F1855258291160059006C /* Main.storyboard in Resources */,
			);
			runOnlyForDeploymentPostprocessing = 0;
		};
		9C9F185E2582911B0059006C /* Resources */ = {
			isa = PBXResourcesBuildPhase;
			buildActionMask = 2147483647;
			files = (
			);
			runOnlyForDeploymentPostprocessing = 0;
		};
		9C9F18692582911B0059006C /* Resources */ = {
			isa = PBXResourcesBuildPhase;
			buildActionMask = 2147483647;
			files = (
			);
			runOnlyForDeploymentPostprocessing = 0;
		};
/* End PBXResourcesBuildPhase section */

/* Begin PBXSourcesBuildPhase section */
		9C9F1846258291160059006C /* Sources */ = {
			isa = PBXSourcesBuildPhase;
			buildActionMask = 2147483647;
			files = (
				9C9F1852258291160059006C /* ViewController.swift in Sources */,
				9C9F184E258291160059006C /* AppDelegate.swift in Sources */,
				9C9F1850258291160059006C /* SceneDelegate.swift in Sources */,
			);
			runOnlyForDeploymentPostprocessing = 0;
		};
		9C9F185C2582911B0059006C /* Sources */ = {
			isa = PBXSourcesBuildPhase;
			buildActionMask = 2147483647;
			files = (
				9C9F18652582911B0059006C /* optionalBoardTests.swift in Sources */,
			);
			runOnlyForDeploymentPostprocessing = 0;
		};
		9C9F18672582911B0059006C /* Sources */ = {
			isa = PBXSourcesBuildPhase;
			buildActionMask = 2147483647;
			files = (
				9C9F18702582911B0059006C /* optionalBoardUITests.swift in Sources */,
			);
			runOnlyForDeploymentPostprocessing = 0;
		};
/* End PBXSourcesBuildPhase section */

/* Begin PBXTargetDependency section */
		9C9F18622582911B0059006C /* PBXTargetDependency */ = {
			isa = PBXTargetDependency;
			target = 9C9F1849258291160059006C /* optionalBoard */;
			targetProxy = 9C9F18612582911B0059006C /* PBXContainerItemProxy */;
		};
		9C9F186D2582911B0059006C /* PBXTargetDependency */ = {
			isa = PBXTargetDependency;
			target = 9C9F1849258291160059006C /* optionalBoard */;
			targetProxy = 9C9F186C2582911B0059006C /* PBXContainerItemProxy */;
		};
/* End PBXTargetDependency section */

/* Begin PBXVariantGroup section */
		9C9F1853258291160059006C /* Main.storyboard */ = {
			isa = PBXVariantGroup;
			children = (
				9C9F1854258291160059006C /* Base */,
			);
			name = Main.storyboard;
			sourceTree = "<group>";
		};
		9C9F18582582911A0059006C /* LaunchScreen.storyboard */ = {
			isa = PBXVariantGroup;
			children = (
				9C9F18592582911A0059006C /* Base */,
			);
			name = LaunchScreen.storyboard;
			sourceTree = "<group>";
		};
/* End PBXVariantGroup section */

/* Begin XCBuildConfiguration section */
		9C9F18722582911B0059006C /* Debug */ = {
			isa = XCBuildConfiguration;
			buildSettings = {
				ALWAYS_SEARCH_USER_PATHS = NO;
				CLANG_ANALYZER_NONNULL = YES;
				CLANG_ANALYZER_NUMBER_OBJECT_CONVERSION = YES_AGGRESSIVE;
				CLANG_CXX_LANGUAGE_STANDARD = "gnu++14";
				CLANG_CXX_LIBRARY = "libc++";
				CLANG_ENABLE_MODULES = YES;
				CLANG_ENABLE_OBJC_ARC = YES;
				CLANG_ENABLE_OBJC_WEAK = YES;
				CLANG_WARN_BLOCK_CAPTURE_AUTORELEASING = YES;
				CLANG_WARN_BOOL_CONVERSION = YES;
				CLANG_WARN_COMMA = YES;
				CLANG_WARN_CONSTANT_CONVERSION = YES;
				CLANG_WARN_DEPRECATED_OBJC_IMPLEMENTATIONS = YES;
				CLANG_WARN_DIRECT_OBJC_ISA_USAGE = YES_ERROR;
				CLANG_WARN_DOCUMENTATION_COMMENTS = YES;
				CLANG_WARN_EMPTY_BODY = YES;
				CLANG_WARN_ENUM_CONVERSION = YES;
				CLANG_WARN_INFINITE_RECURSION = YES;
				CLANG_WARN_INT_CONVERSION = YES;
				CLANG_WARN_NON_LITERAL_NULL_CONVERSION = YES;
				CLANG_WARN_OBJC_IMPLICIT_RETAIN_SELF = YES;
				CLANG_WARN_OBJC_LITERAL_CONVERSION = YES;
				CLANG_WARN_OBJC_ROOT_CLASS = YES_ERROR;
				CLANG_WARN_QUOTED_INCLUDE_IN_FRAMEWORK_HEADER = YES;
				CLANG_WARN_RANGE_LOOP_ANALYSIS = YES;
				CLANG_WARN_STRICT_PROTOTYPES = YES;
				CLANG_WARN_SUSPICIOUS_MOVE = YES;
				CLANG_WARN_UNGUARDED_AVAILABILITY = YES_AGGRESSIVE;
				CLANG_WARN_UNREACHABLE_CODE = YES;
				CLANG_WARN__DUPLICATE_METHOD_MATCH = YES;
				COPY_PHASE_STRIP = NO;
				DEBUG_INFORMATION_FORMAT = dwarf;
				ENABLE_STRICT_OBJC_MSGSEND = YES;
				ENABLE_TESTABILITY = YES;
				GCC_C_LANGUAGE_STANDARD = gnu11;
				GCC_DYNAMIC_NO_PIC = NO;
				GCC_NO_COMMON_BLOCKS = YES;
				GCC_OPTIMIZATION_LEVEL = 0;
				GCC_PREPROCESSOR_DEFINITIONS = (
					"DEBUG=1",
					"$(inherited)",
				);
				GCC_WARN_64_TO_32_BIT_CONVERSION = YES;
				GCC_WARN_ABOUT_RETURN_TYPE = YES_ERROR;
				GCC_WARN_UNDECLARED_SELECTOR = YES;
				GCC_WARN_UNINITIALIZED_AUTOS = YES_AGGRESSIVE;
				GCC_WARN_UNUSED_FUNCTION = YES;
				GCC_WARN_UNUSED_VARIABLE = YES;
				IPHONEOS_DEPLOYMENT_TARGET = 14.2;
				MTL_ENABLE_DEBUG_INFO = INCLUDE_SOURCE;
				MTL_FAST_MATH = YES;
				ONLY_ACTIVE_ARCH = YES;
				SDKROOT = iphoneos;
				SWIFT_ACTIVE_COMPILATION_CONDITIONS = DEBUG;
				SWIFT_OPTIMIZATION_LEVEL = "-Onone";
			};
			name = Debug;
		};
		9C9F18732582911B0059006C /* Release */ = {
			isa = XCBuildConfiguration;
			buildSettings = {
				ALWAYS_SEARCH_USER_PATHS = NO;
				CLANG_ANALYZER_NONNULL = YES;
				CLANG_ANALYZER_NUMBER_OBJECT_CONVERSION = YES_AGGRESSIVE;
				CLANG_CXX_LANGUAGE_STANDARD = "gnu++14";
				CLANG_CXX_LIBRARY = "libc++";
				CLANG_ENABLE_MODULES = YES;
				CLANG_ENABLE_OBJC_ARC = YES;
				CLANG_ENABLE_OBJC_WEAK = YES;
				CLANG_WARN_BLOCK_CAPTURE_AUTORELEASING = YES;
				CLANG_WARN_BOOL_CONVERSION = YES;
				CLANG_WARN_COMMA = YES;
				CLANG_WARN_CONSTANT_CONVERSION = YES;
				CLANG_WARN_DEPRECATED_OBJC_IMPLEMENTATIONS = YES;
				CLANG_WARN_DIRECT_OBJC_ISA_USAGE = YES_ERROR;
				CLANG_WARN_DOCUMENTATION_COMMENTS = YES;
				CLANG_WARN_EMPTY_BODY = YES;
				CLANG_WARN_ENUM_CONVERSION = YES;
				CLANG_WARN_INFINITE_RECURSION = YES;
				CLANG_WARN_INT_CONVERSION = YES;
				CLANG_WARN_NON_LITERAL_NULL_CONVERSION = YES;
				CLANG_WARN_OBJC_IMPLICIT_RETAIN_SELF = YES;
				CLANG_WARN_OBJC_LITERAL_CONVERSION = YES;
				CLANG_WARN_OBJC_ROOT_CLASS = YES_ERROR;
				CLANG_WARN_QUOTED_INCLUDE_IN_FRAMEWORK_HEADER = YES;
				CLANG_WARN_RANGE_LOOP_ANALYSIS = YES;
				CLANG_WARN_STRICT_PROTOTYPES = YES;
				CLANG_WARN_SUSPICIOUS_MOVE = YES;
				CLANG_WARN_UNGUARDED_AVAILABILITY = YES_AGGRESSIVE;
				CLANG_WARN_UNREACHABLE_CODE = YES;
				CLANG_WARN__DUPLICATE_METHOD_MATCH = YES;
				COPY_PHASE_STRIP = NO;
				DEBUG_INFORMATION_FORMAT = "dwarf-with-dsym";
				ENABLE_NS_ASSERTIONS = NO;
				ENABLE_STRICT_OBJC_MSGSEND = YES;
				GCC_C_LANGUAGE_STANDARD = gnu11;
				GCC_NO_COMMON_BLOCKS = YES;
				GCC_WARN_64_TO_32_BIT_CONVERSION = YES;
				GCC_WARN_ABOUT_RETURN_TYPE = YES_ERROR;
				GCC_WARN_UNDECLARED_SELECTOR = YES;
				GCC_WARN_UNINITIALIZED_AUTOS = YES_AGGRESSIVE;
				GCC_WARN_UNUSED_FUNCTION = YES;
				GCC_WARN_UNUSED_VARIABLE = YES;
				IPHONEOS_DEPLOYMENT_TARGET = 14.2;
				MTL_ENABLE_DEBUG_INFO = NO;
				MTL_FAST_MATH = YES;
				SDKROOT = iphoneos;
				SWIFT_COMPILATION_MODE = wholemodule;
				SWIFT_OPTIMIZATION_LEVEL = "-O";
				VALIDATE_PRODUCT = YES;
			};
			name = Release;
		};
		9C9F18752582911B0059006C /* Debug */ = {
			isa = XCBuildConfiguration;
			buildSettings = {
				ASSETCATALOG_COMPILER_APPICON_NAME = AppIcon;
				ASSETCATALOG_COMPILER_GLOBAL_ACCENT_COLOR_NAME = AccentColor;
				CODE_SIGN_STYLE = Automatic;
				DEVELOPMENT_TEAM = 83B85M254B;
				INFOPLIST_FILE = optionalBoard/Info.plist;
				LD_RUNPATH_SEARCH_PATHS = (
					"$(inherited)",
					"@executable_path/Frameworks",
				);
				PRODUCT_BUNDLE_IDENTIFIER = app.matsushima.mukku.optionalBoard;
				PRODUCT_NAME = "$(TARGET_NAME)";
				SWIFT_VERSION = 5.0;
				TARGETED_DEVICE_FAMILY = "1,2";
			};
			name = Debug;
		};
		9C9F18762582911B0059006C /* Release */ = {
			isa = XCBuildConfiguration;
			buildSettings = {
				ASSETCATALOG_COMPILER_APPICON_NAME = AppIcon;
				ASSETCATALOG_COMPILER_GLOBAL_ACCENT_COLOR_NAME = AccentColor;
				CODE_SIGN_STYLE = Automatic;
				DEVELOPMENT_TEAM = 83B85M254B;
				INFOPLIST_FILE = optionalBoard/Info.plist;
				LD_RUNPATH_SEARCH_PATHS = (
					"$(inherited)",
					"@executable_path/Frameworks",
				);
				PRODUCT_BUNDLE_IDENTIFIER = app.matsushima.mukku.optionalBoard;
				PRODUCT_NAME = "$(TARGET_NAME)";
				SWIFT_VERSION = 5.0;
				TARGETED_DEVICE_FAMILY = "1,2";
			};
			name = Release;
		};
		9C9F18782582911B0059006C /* Debug */ = {
			isa = XCBuildConfiguration;
			buildSettings = {
				ALWAYS_EMBED_SWIFT_STANDARD_LIBRARIES = YES;
				BUNDLE_LOADER = "$(TEST_HOST)";
				CODE_SIGN_STYLE = Automatic;
				DEVELOPMENT_TEAM = 83B85M254B;
				INFOPLIST_FILE = optionalBoardTests/Info.plist;
				IPHONEOS_DEPLOYMENT_TARGET = 14.2;
				LD_RUNPATH_SEARCH_PATHS = (
					"$(inherited)",
					"@executable_path/Frameworks",
					"@loader_path/Frameworks",
				);
				PRODUCT_BUNDLE_IDENTIFIER = app.matsushima.mukku.optionalBoardTests;
				PRODUCT_NAME = "$(TARGET_NAME)";
				SWIFT_VERSION = 5.0;
				TARGETED_DEVICE_FAMILY = "1,2";
				TEST_HOST = "$(BUILT_PRODUCTS_DIR)/optionalBoard.app/optionalBoard";
			};
			name = Debug;
		};
		9C9F18792582911B0059006C /* Release */ = {
			isa = XCBuildConfiguration;
			buildSettings = {
				ALWAYS_EMBED_SWIFT_STANDARD_LIBRARIES = YES;
				BUNDLE_LOADER = "$(TEST_HOST)";
				CODE_SIGN_STYLE = Automatic;
				DEVELOPMENT_TEAM = 83B85M254B;
				INFOPLIST_FILE = optionalBoardTests/Info.plist;
				IPHONEOS_DEPLOYMENT_TARGET = 14.2;
				LD_RUNPATH_SEARCH_PATHS = (
					"$(inherited)",
					"@executable_path/Frameworks",
					"@loader_path/Frameworks",
				);
				PRODUCT_BUNDLE_IDENTIFIER = app.matsushima.mukku.optionalBoardTests;
				PRODUCT_NAME = "$(TARGET_NAME)";
				SWIFT_VERSION = 5.0;
				TARGETED_DEVICE_FAMILY = "1,2";
				TEST_HOST = "$(BUILT_PRODUCTS_DIR)/optionalBoard.app/optionalBoard";
			};
			name = Release;
		};
		9C9F187B2582911B0059006C /* Debug */ = {
			isa = XCBuildConfiguration;
			buildSettings = {
				ALWAYS_EMBED_SWIFT_STANDARD_LIBRARIES = YES;
				CODE_SIGN_STYLE = Automatic;
				DEVELOPMENT_TEAM = 83B85M254B;
				INFOPLIST_FILE = optionalBoardUITests/Info.plist;
				LD_RUNPATH_SEARCH_PATHS = (
					"$(inherited)",
					"@executable_path/Frameworks",
					"@loader_path/Frameworks",
				);
				PRODUCT_BUNDLE_IDENTIFIER = app.matsushima.mukku.optionalBoardUITests;
				PRODUCT_NAME = "$(TARGET_NAME)";
				SWIFT_VERSION = 5.0;
				TARGETED_DEVICE_FAMILY = "1,2";
				TEST_TARGET_NAME = optionalBoard;
			};
			name = Debug;
		};
		9C9F187C2582911B0059006C /* Release */ = {
			isa = XCBuildConfiguration;
			buildSettings = {
				ALWAYS_EMBED_SWIFT_STANDARD_LIBRARIES = YES;
				CODE_SIGN_STYLE = Automatic;
				DEVELOPMENT_TEAM = 83B85M254B;
				INFOPLIST_FILE = optionalBoardUITests/Info.plist;
				LD_RUNPATH_SEARCH_PATHS = (
					"$(inherited)",
					"@executable_path/Frameworks",
					"@loader_path/Frameworks",
				);
				PRODUCT_BUNDLE_IDENTIFIER = app.matsushima.mukku.optionalBoardUITests;
				PRODUCT_NAME = "$(TARGET_NAME)";
				SWIFT_VERSION = 5.0;
				TARGETED_DEVICE_FAMILY = "1,2";
				TEST_TARGET_NAME = optionalBoard;
			};
			name = Release;
		};
/* End XCBuildConfiguration section */

/* Begin XCConfigurationList section */
		9C9F1845258291160059006C /* Build configuration list for PBXProject "optionalBoard" */ = {
			isa = XCConfigurationList;
			buildConfigurations = (
				9C9F18722582911B0059006C /* Debug */,
				9C9F18732582911B0059006C /* Release */,
			);
			defaultConfigurationIsVisible = 0;
			defaultConfigurationName = Release;
		};
		9C9F18742582911B0059006C /* Build configuration list for PBXNativeTarget "optionalBoard" */ = {
			isa = XCConfigurationList;
			buildConfigurations = (
				9C9F18752582911B0059006C /* Debug */,
				9C9F18762582911B0059006C /* Release */,
			);
			defaultConfigurationIsVisible = 0;
			defaultConfigurationName = Release;
		};
		9C9F18772582911B0059006C /* Build configuration list for PBXNativeTarget "optionalBoardTests" */ = {
			isa = XCConfigurationList;
			buildConfigurations = (
				9C9F18782582911B0059006C /* Debug */,
				9C9F18792582911B0059006C /* Release */,
			);
			defaultConfigurationIsVisible = 0;
			defaultConfigurationName = Release;
		};
		9C9F187A2582911B0059006C /* Build configuration list for PBXNativeTarget "optionalBoardUITests" */ = {
			isa = XCConfigurationList;
			buildConfigurations = (
				9C9F187B2582911B0059006C /* Debug */,
				9C9F187C2582911B0059006C /* Release */,
			);
			defaultConfigurationIsVisible = 0;
			defaultConfigurationName = Release;
		};
/* End XCConfigurationList section */
	};
	rootObject = 9C9F1842258291160059006C /* Project object */;
}
